{
	"name": "ipevt",
	"version": "1.0.0",
	"lockfileVersion": 1,
	"requires": true,
	"dependencies": {
		"beson": {
			"version": "3.0.2",
			"resolved": "https://registry.npmjs.org/beson/-/beson-3.0.2.tgz",
			"integrity": "sha512-BRHuGVz9Dl9j4965bxzX84xAuqD2X+joirsg3p+RmspHB1IyCB2ZTpSkKjlREO3651ZKoQsidiIW+rVW7Zj4Rw=="
		}
	}
}
